
Microsoft Visual Studio Solution File, Format Version 12.00
# Visual Studio 15
VisualStudioVersion = 15.0.27703.2035
MinimumVisualStudioVersion = 10.0.40219.1
Project("{FAE04EC0-301F-11D3-BF4B-00C04F79EFBC}") = "CapaPresentacion", "CapaPresentacion\CapaPresentacion.csproj", "{66076BAD-4EBC-42AD-AF7D-C790A9303336}"
EndProject
Project("{FAE04EC0-301F-11D3-BF4B-00C04F79EFBC}") = "CapaDatos", "CapaDatos\CapaDatos.csproj", "{CDBD559F-54BA-45DF-8686-BC6370B0C21B}"
EndProject
Project("{FAE04EC0-301F-11D3-BF4B-00C04F79EFBC}") = "Entidades", "Entidades\Entidades.csproj", "{89AF6AD3-5E7D-4FF2-81DA-2E2D71F57DD7}"
EndProject
Project("{FAE04EC0-301F-11D3-BF4B-00C04F79EFBC}") = "CapaNegocio", "CapaNegocio\CapaNegocio.csproj", "{BEA3E81E-2D36-4413-895D-1A17B783CB6A}"
EndProject
Global
	GlobalSection(SolutionConfigurationPlatforms) = preSolution
		Debug|Any CPU = Debug|Any CPU
		Release|Any CPU = Release|Any CPU
	EndGlobalSection
	GlobalSection(ProjectConfigurationPlatforms) = postSolution
		{66076BAD-4EBC-42AD-AF7D-C790A9303336}.Debug|Any CPU.ActiveCfg = Debug|Any CPU
		{66076BAD-4EBC-42AD-AF7D-C790A9303336}.Debug|Any CPU.Build.0 = Debug|Any CPU
		{66076BAD-4EBC-42AD-AF7D-C790A9303336}.Release|Any CPU.ActiveCfg = Release|Any CPU
		{66076BAD-4EBC-42AD-AF7D-C790A9303336}.Release|Any CPU.Build.0 = Release|Any CPU
		{CDBD559F-54BA-45DF-8686-BC6370B0C21B}.Debug|Any CPU.ActiveCfg = Debug|Any CPU
		{CDBD559F-54BA-45DF-8686-BC6370B0C21B}.Debug|Any CPU.Build.0 = Debug|Any CPU
		{CDBD559F-54BA-45DF-8686-BC6370B0C21B}.Release|Any CPU.ActiveCfg = Release|Any CPU
		{CDBD559F-54BA-45DF-8686-BC6370B0C21B}.Release|Any CPU.Build.0 = Release|Any CPU
		{89AF6AD3-5E7D-4FF2-81DA-2E2D71F57DD7}.Debug|Any CPU.ActiveCfg = Debug|Any CPU
		{89AF6AD3-5E7D-4FF2-81DA-2E2D71F57DD7}.Debug|Any CPU.Build.0 = Debug|Any CPU
		{89AF6AD3-5E7D-4FF2-81DA-2E2D71F57DD7}.Release|Any CPU.ActiveCfg = Release|Any CPU
		{89AF6AD3-5E7D-4FF2-81DA-2E2D71F57DD7}.Release|Any CPU.Build.0 = Release|Any CPU
		{BEA3E81E-2D36-4413-895D-1A17B783CB6A}.Debug|Any CPU.ActiveCfg = Debug|Any CPU
		{BEA3E81E-2D36-4413-895D-1A17B783CB6A}.Debug|Any CPU.Build.0 = Debug|Any CPU
		{BEA3E81E-2D36-4413-895D-1A17B783CB6A}.Release|Any CPU.ActiveCfg = Release|Any CPU
		{BEA3E81E-2D36-4413-895D-1A17B783CB6A}.Release|Any CPU.Build.0 = Release|Any CPU
	EndGlobalSection
	GlobalSection(SolutionProperties) = preSolution
		HideSolutionNode = FALSE
	EndGlobalSection
	GlobalSection(ExtensibilityGlobals) = postSolution
		SolutionGuid = {3745EC83-A7A7-4CF5-B8E2-B0A0589449E7}
	EndGlobalSection
EndGlobal
